
Microsoft Visual Studio Solution File, Format Version 12.00
# Visual Studio 15
VisualStudioVersion = 15.0.27703.2026
MinimumVisualStudioVersion = 10.0.40219.1
Project("{8BC9CEB8-8B4A-11D0-8D11-00A0C91BC942}") = "Hawk", "Hawk\Hawk.vcxproj", "{07211FDA-C07A-436D-9A1A-23BD40787EAA}"
EndProject
Project("{8BC9CEB8-8B4A-11D0-8D11-00A0C91BC942}") = "Game", "Game\Game.vcxproj", "{EC51EB8A-3789-49F0-B616-2AB07675D4CD}"
EndProject
Global
	GlobalSection(SolutionConfigurationPlatforms) = preSolution
		Debug|x64 = Debug|x64
		Debug|x86 = Debug|x86
		Release|x64 = Release|x64
		Release|x86 = Release|x86
	EndGlobalSection
	GlobalSection(ProjectConfigurationPlatforms) = postSolution
		{07211FDA-C07A-436D-9A1A-23BD40787EAA}.Debug|x64.ActiveCfg = Debug|x64
		{07211FDA-C07A-436D-9A1A-23BD40787EAA}.Debug|x64.Build.0 = Debug|x64
		{07211FDA-C07A-436D-9A1A-23BD40787EAA}.Debug|x86.ActiveCfg = Debug|Win32
		{07211FDA-C07A-436D-9A1A-23BD40787EAA}.Debug|x86.Build.0 = Debug|Win32
		{07211FDA-C07A-436D-9A1A-23BD40787EAA}.Release|x64.ActiveCfg = Release|x64
		{07211FDA-C07A-436D-9A1A-23BD40787EAA}.Release|x64.Build.0 = Release|x64
		{07211FDA-C07A-436D-9A1A-23BD40787EAA}.Release|x86.ActiveCfg = Release|Win32
		{07211FDA-C07A-436D-9A1A-23BD40787EAA}.Release|x86.Build.0 = Release|Win32
		{EC51EB8A-3789-49F0-B616-2AB07675D4CD}.Debug|x64.ActiveCfg = Debug|x64
		{EC51EB8A-3789-49F0-B616-2AB07675D4CD}.Debug|x64.Build.0 = Debug|x64
		{EC51EB8A-3789-49F0-B616-2AB07675D4CD}.Debug|x86.ActiveCfg = Debug|Win32
		{EC51EB8A-3789-49F0-B616-2AB07675D4CD}.Debug|x86.Build.0 = Debug|Win32
		{EC51EB8A-3789-49F0-B616-2AB07675D4CD}.Release|x64.ActiveCfg = Release|x64
		{EC51EB8A-3789-49F0-B616-2AB07675D4CD}.Release|x64.Build.0 = Release|x64
		{EC51EB8A-3789-49F0-B616-2AB07675D4CD}.Release|x86.ActiveCfg = Release|Win32
		{EC51EB8A-3789-49F0-B616-2AB07675D4CD}.Release|x86.Build.0 = Release|Win32
	EndGlobalSection
	GlobalSection(SolutionProperties) = preSolution
		HideSolutionNode = FALSE
	EndGlobalSection
	GlobalSection(ExtensibilityGlobals) = postSolution
		SolutionGuid = {EE1001FD-C1E3-48EE-A2B1-D27D22220F0F}
	EndGlobalSection
EndGlobal
